// !$*UTF8*$!
{
	archiveVersion = 1;
	classes = {
	};
	objectVersion = 55;
	objects = {

/* Begin PBXBuildFile section */
		0A1B539E6CEEBCADB192FB8F /* SecurityManagerTests.swift in Sources */ = {isa = PBXBuildFile; fileRef = E43009743D2FA648B2B5A320 /* SecurityManagerTests.swift */; };
		17B90390A167F5A59327CD12 /* AASessionManager.swift in Sources */ = {isa = PBXBuildFile; fileRef = A4BF480D275A5C348267F33D /* AASessionManager.swift */; };
		191829248EFDC9AFAD514754 /* Mocks.swift in Sources */ = {isa = PBXBuildFile; fileRef = C9885A1633A4E12BAB6A59B9 /* Mocks.swift */; };
		1A3DF0FA037FE2AE45CAA1FA /* GatewayClientTests.swift in Sources */ = {isa = PBXBuildFile; fileRef = C6EAC7DA0E554DEA4BE01198 /* GatewayClientTests.swift */; };
		26711DDF6B2B8E23D90A9B4E /* GatewayMessageTests.swift in Sources */ = {isa = PBXBuildFile; fileRef = 5A2E8688491D294D29A32E47 /* GatewayMessageTests.swift */; };
		31A3EA445458BC949534BEF7 /* MessageStoreTests.swift in Sources */ = {isa = PBXBuildFile; fileRef = 7E5F35D00D32E3548BE90179 /* MessageStoreTests.swift */; };
		37E8E7A233F11D2E4A450074 /* SecurityManager.swift in Sources */ = {isa = PBXBuildFile; fileRef = A7386143AC55255C9F2A7438 /* SecurityManager.swift */; };
		4F98F1FD7C8B800FCCDADBE3 /* SessionTests.swift in Sources */ = {isa = PBXBuildFile; fileRef = A7164A9B752A910E532B6C31 /* SessionTests.swift */; };
		6A147F9B589435461BA12B52 /* MessageStore.swift in Sources */ = {isa = PBXBuildFile; fileRef = 35A53D01CB3F43AE1701DB23 /* MessageStore.swift */; };
		6A8602D4BA2F77924982AB26 /* ContentView.swift in Sources */ = {isa = PBXBuildFile; fileRef = BA3EA450BC1CE83F2933FF61 /* ContentView.swift */; };
		975FA45527B174D0765381E2 /* MomotaroApp.swift in Sources */ = {isa = PBXBuildFile; fileRef = 3E8F745975DB1A2864F300FB /* MomotaroApp.swift */; };
		C751AB3E09A0C4AA85F0C5BE /* GatewayClient.swift in Sources */ = {isa = PBXBuildFile; fileRef = E6730BC6EB6FC3EDAA89CDA9 /* GatewayClient.swift */; };
/* End PBXBuildFile section */

/* Begin PBXContainerItemProxy section */
		B53B779EE1CF3C9C046E6185 /* PBXContainerItemProxy */ = {
			isa = PBXContainerItemProxy;
			containerPortal = 8FBC154B9CAE7A1391801EFC /* Project object */;
			proxyType = 1;
			remoteGlobalIDString = D9E4C6368D9010052CF99FB3;
			remoteInfo = Momotaro;
		};
/* End PBXContainerItemProxy section */

/* Begin PBXCopyFilesBuildPhase section */
		ABB67E8CEC78E40940DF10F8 /* Embed Frameworks */ = {
			isa = PBXCopyFilesBuildPhase;
			buildActionMask = 2147483647;
			dstPath = "";
			dstSubfolderSpec = 10;
			files = (
			);
			name = "Embed Frameworks";
			runOnlyForDeploymentPostprocessing = 0;
		};
		DD73527FD6A646E563823786 /* Embed Frameworks */ = {
			isa = PBXCopyFilesBuildPhase;
			buildActionMask = 2147483647;
			dstPath = "";
			dstSubfolderSpec = 10;
			files = (
			);
			name = "Embed Frameworks";
			runOnlyForDeploymentPostprocessing = 0;
		};
/* End PBXCopyFilesBuildPhase section */

/* Begin PBXFileReference section */
		35A53D01CB3F43AE1701DB23 /* MessageStore.swift */ = {isa = PBXFileReference; lastKnownFileType = sourcecode.swift; path = MessageStore.swift; sourceTree = "<group>"; };
		3E8F745975DB1A2864F300FB /* MomotaroApp.swift */ = {isa = PBXFileReference; lastKnownFileType = sourcecode.swift; path = MomotaroApp.swift; sourceTree = "<group>"; };
		5A2E8688491D294D29A32E47 /* GatewayMessageTests.swift */ = {isa = PBXFileReference; lastKnownFileType = sourcecode.swift; path = GatewayMessageTests.swift; sourceTree = "<group>"; };
		7E5F35D00D32E3548BE90179 /* MessageStoreTests.swift */ = {isa = PBXFileReference; lastKnownFileType = sourcecode.swift; path = MessageStoreTests.swift; sourceTree = "<group>"; };
		A4BF480D275A5C348267F33D /* AASessionManager.swift */ = {isa = PBXFileReference; lastKnownFileType = sourcecode.swift; path = AASessionManager.swift; sourceTree = "<group>"; };
		A7164A9B752A910E532B6C31 /* SessionTests.swift */ = {isa = PBXFileReference; lastKnownFileType = sourcecode.swift; path = SessionTests.swift; sourceTree = "<group>"; };
		A7386143AC55255C9F2A7438 /* SecurityManager.swift */ = {isa = PBXFileReference; lastKnownFileType = sourcecode.swift; path = SecurityManager.swift; sourceTree = "<group>"; };
		BA3EA450BC1CE83F2933FF61 /* ContentView.swift */ = {isa = PBXFileReference; lastKnownFileType = sourcecode.swift; path = ContentView.swift; sourceTree = "<group>"; };
		BF0F0ED5C2A14E807FC5E223 /* MomotaroTests-Info.plist */ = {isa = PBXFileReference; lastKnownFileType = text.plist; path = "MomotaroTests-Info.plist"; sourceTree = "<group>"; };
		C6EAC7DA0E554DEA4BE01198 /* GatewayClientTests.swift */ = {isa = PBXFileReference; lastKnownFileType = sourcecode.swift; path = GatewayClientTests.swift; sourceTree = "<group>"; };
		C9885A1633A4E12BAB6A59B9 /* Mocks.swift */ = {isa = PBXFileReference; lastKnownFileType = sourcecode.swift; path = Mocks.swift; sourceTree = "<group>"; };
		CDCEECC46C1E1AF60C090B30 /* MomotaroTests.xctest */ = {isa = PBXFileReference; explicitFileType = wrapper.cfbundle; includeInIndex = 0; path = MomotaroTests.xctest; sourceTree = BUILT_PRODUCTS_DIR; };
		CEAF101FB240F7AD8A0C5575 /* Momotaro-Info.plist */ = {isa = PBXFileReference; lastKnownFileType = text.plist; path = "Momotaro-Info.plist"; sourceTree = "<group>"; };
		DADC9EFA44C82B8D974738A2 /* Momotaro.app */ = {isa = PBXFileReference; explicitFileType = wrapper.application; includeInIndex = 0; path = Momotaro.app; sourceTree = BUILT_PRODUCTS_DIR; };
		E43009743D2FA648B2B5A320 /* SecurityManagerTests.swift */ = {isa = PBXFileReference; lastKnownFileType = sourcecode.swift; path = SecurityManagerTests.swift; sourceTree = "<group>"; };
		E6730BC6EB6FC3EDAA89CDA9 /* GatewayClient.swift */ = {isa = PBXFileReference; lastKnownFileType = sourcecode.swift; path = GatewayClient.swift; sourceTree = "<group>"; };
/* End PBXFileReference section */

/* Begin PBXFrameworksBuildPhase section */
		64F88ACA2910BC5C07D48080 /* Frameworks */ = {
			isa = PBXFrameworksBuildPhase;
			buildActionMask = 2147483647;
			files = (
			);
			runOnlyForDeploymentPostprocessing = 0;
		};
		BCD2EE1ECE757B49782A547F /* Frameworks */ = {
			isa = PBXFrameworksBuildPhase;
			buildActionMask = 2147483647;
			files = (
			);
			runOnlyForDeploymentPostprocessing = 0;
		};
/* End PBXFrameworksBuildPhase section */

/* Begin PBXGroup section */
		01D6ED7FBD15E4C1923B4D66 /* Derived */ = {
			isa = PBXGroup;
			children = (
				75267E4D0A44E182E20000A6 /* InfoPlists */,
			);
			path = Derived;
			sourceTree = "<group>";
		};
		2E718C183E30ABF5058B8F60 /* MomotaroTests */ = {
			isa = PBXGroup;
			children = (
				C6EAC7DA0E554DEA4BE01198 /* GatewayClientTests.swift */,
				5A2E8688491D294D29A32E47 /* GatewayMessageTests.swift */,
				7E5F35D00D32E3548BE90179 /* MessageStoreTests.swift */,
				C9885A1633A4E12BAB6A59B9 /* Mocks.swift */,
				E43009743D2FA648B2B5A320 /* SecurityManagerTests.swift */,
				A7164A9B752A910E532B6C31 /* SessionTests.swift */,
			);
			path = MomotaroTests;
			sourceTree = "<group>";
		};
		30AAA6E9F9AC58BD63F2AD2A = {
			isa = PBXGroup;
			children = (
				A4980E6A47405BA353D3C5D6 /* Products */,
				6216B1785329A34B4169B41F /* Project */,
			);
			sourceTree = "<group>";
		};
		5126F7808543E414C215AEA7 /* Momotaro */ = {
			isa = PBXGroup;
			children = (
				A4BF480D275A5C348267F33D /* AASessionManager.swift */,
				BA3EA450BC1CE83F2933FF61 /* ContentView.swift */,
				E6730BC6EB6FC3EDAA89CDA9 /* GatewayClient.swift */,
				35A53D01CB3F43AE1701DB23 /* MessageStore.swift */,
				3E8F745975DB1A2864F300FB /* MomotaroApp.swift */,
				A7386143AC55255C9F2A7438 /* SecurityManager.swift */,
			);
			path = Momotaro;
			sourceTree = "<group>";
		};
		6216B1785329A34B4169B41F /* Project */ = {
			isa = PBXGroup;
			children = (
				01D6ED7FBD15E4C1923B4D66 /* Derived */,
				919DF207612C8F0C16674DB5 /* Sources */,
				9DC6C0827CC58CDA980519EF /* Tests */,
			);
			name = Project;
			sourceTree = "<group>";
		};
		75267E4D0A44E182E20000A6 /* InfoPlists */ = {
			isa = PBXGroup;
			children = (
				CEAF101FB240F7AD8A0C5575 /* Momotaro-Info.plist */,
				BF0F0ED5C2A14E807FC5E223 /* MomotaroTests-Info.plist */,
			);
			path = InfoPlists;
			sourceTree = "<group>";
		};
		919DF207612C8F0C16674DB5 /* Sources */ = {
			isa = PBXGroup;
			children = (
				5126F7808543E414C215AEA7 /* Momotaro */,
			);
			path = Sources;
			sourceTree = "<group>";
		};
		9DC6C0827CC58CDA980519EF /* Tests */ = {
			isa = PBXGroup;
			children = (
				2E718C183E30ABF5058B8F60 /* MomotaroTests */,
			);
			path = Tests;
			sourceTree = "<group>";
		};
		A4980E6A47405BA353D3C5D6 /* Products */ = {
			isa = PBXGroup;
			children = (
				DADC9EFA44C82B8D974738A2 /* Momotaro.app */,
				CDCEECC46C1E1AF60C090B30 /* MomotaroTests.xctest */,
			);
			name = Products;
			sourceTree = "<group>";
		};
/* End PBXGroup section */

/* Begin PBXNativeTarget section */
		9A7ECEF6E0BC777F127A6089 /* MomotaroTests */ = {
			isa = PBXNativeTarget;
			buildConfigurationList = 5E38D60D1B412ED454460815 /* Build configuration list for PBXNativeTarget "MomotaroTests" */;
			buildPhases = (
				174FBBD38814B8D825C7F3C8 /* Sources */,
				BFDCDEC4A87070BA3C212F9B /* Resources */,
				BCD2EE1ECE757B49782A547F /* Frameworks */,
				DD73527FD6A646E563823786 /* Embed Frameworks */,
			);
			buildRules = (
			);
			dependencies = (
				39D94F1CDA1AF1DE7764A7F7 /* PBXTargetDependency */,
			);
			name = MomotaroTests;
			packageProductDependencies = (
			);
			productName = MomotaroTests;
			productReference = CDCEECC46C1E1AF60C090B30 /* MomotaroTests.xctest */;
			productType = "com.apple.product-type.bundle.unit-test";
		};
		D9E4C6368D9010052CF99FB3 /* Momotaro */ = {
			isa = PBXNativeTarget;
			buildConfigurationList = AA408451FB6CEF305A1076FA /* Build configuration list for PBXNativeTarget "Momotaro" */;
			buildPhases = (
				7B76BA3DD41C5632A4E42E8B /* Sources */,
				2FFDA4C3053427564C604E6A /* Resources */,
				64F88ACA2910BC5C07D48080 /* Frameworks */,
				ABB67E8CEC78E40940DF10F8 /* Embed Frameworks */,
			);
			buildRules = (
			);
			dependencies = (
			);
			name = Momotaro;
			packageProductDependencies = (
			);
			productName = Momotaro;
			productReference = DADC9EFA44C82B8D974738A2 /* Momotaro.app */;
			productType = "com.apple.product-type.application";
		};
/* End PBXNativeTarget section */

/* Begin PBXProject section */
		8FBC154B9CAE7A1391801EFC /* Project object */ = {
			isa = PBXProject;
			attributes = {
				BuildIndependentTargetsInParallel = YES;
				TargetAttributes = {
					9A7ECEF6E0BC777F127A6089 = {
						TestTargetID = D9E4C6368D9010052CF99FB3;
					};
				};
			};
			buildConfigurationList = 7A196FD3E03A89DFE0E0AFED /* Build configuration list for PBXProject "Momotaro" */;
			compatibilityVersion = "Xcode 14.0";
			developmentRegion = en;
			hasScannedForEncodings = 0;
			knownRegions = (
				Base,
				en,
			);
			mainGroup = 30AAA6E9F9AC58BD63F2AD2A;
			productRefGroup = A4980E6A47405BA353D3C5D6 /* Products */;
			projectDirPath = "";
			projectRoot = "";
			targets = (
				D9E4C6368D9010052CF99FB3 /* Momotaro */,
				9A7ECEF6E0BC777F127A6089 /* MomotaroTests */,
			);
		};
/* End PBXProject section */

/* Begin PBXResourcesBuildPhase section */
		2FFDA4C3053427564C604E6A /* Resources */ = {
			isa = PBXResourcesBuildPhase;
			buildActionMask = 2147483647;
			files = (
			);
			runOnlyForDeploymentPostprocessing = 0;
		};
		BFDCDEC4A87070BA3C212F9B /* Resources */ = {
			isa = PBXResourcesBuildPhase;
			buildActionMask = 2147483647;
			files = (
			);
			runOnlyForDeploymentPostprocessing = 0;
		};
/* End PBXResourcesBuildPhase section */

/* Begin PBXSourcesBuildPhase section */
		174FBBD38814B8D825C7F3C8 /* Sources */ = {
			isa = PBXSourcesBuildPhase;
			buildActionMask = 2147483647;
			files = (
				1A3DF0FA037FE2AE45CAA1FA /* GatewayClientTests.swift in Sources */,
				26711DDF6B2B8E23D90A9B4E /* GatewayMessageTests.swift in Sources */,
				31A3EA445458BC949534BEF7 /* MessageStoreTests.swift in Sources */,
				191829248EFDC9AFAD514754 /* Mocks.swift in Sources */,
				0A1B539E6CEEBCADB192FB8F /* SecurityManagerTests.swift in Sources */,
				4F98F1FD7C8B800FCCDADBE3 /* SessionTests.swift in Sources */,
			);
			runOnlyForDeploymentPostprocessing = 0;
		};
		7B76BA3DD41C5632A4E42E8B /* Sources */ = {
			isa = PBXSourcesBuildPhase;
			buildActionMask = 2147483647;
			files = (
				17B90390A167F5A59327CD12 /* AASessionManager.swift in Sources */,
				6A8602D4BA2F77924982AB26 /* ContentView.swift in Sources */,
				C751AB3E09A0C4AA85F0C5BE /* GatewayClient.swift in Sources */,
				6A147F9B589435461BA12B52 /* MessageStore.swift in Sources */,
				975FA45527B174D0765381E2 /* MomotaroApp.swift in Sources */,
				37E8E7A233F11D2E4A450074 /* SecurityManager.swift in Sources */,
			);
			runOnlyForDeploymentPostprocessing = 0;
		};
/* End PBXSourcesBuildPhase section */

/* Begin PBXTargetDependency section */
		39D94F1CDA1AF1DE7764A7F7 /* PBXTargetDependency */ = {
			isa = PBXTargetDependency;
			name = Momotaro;
			target = D9E4C6368D9010052CF99FB3 /* Momotaro */;
			targetProxy = B53B779EE1CF3C9C046E6185 /* PBXContainerItemProxy */;
		};
/* End PBXTargetDependency section */

/* Begin XCBuildConfiguration section */
		239EA3DD55184FA73A4603C4 /* Release */ = {
			isa = XCBuildConfiguration;
			buildSettings = {
				ALWAYS_SEARCH_USER_PATHS = NO;
				CLANG_ANALYZER_LOCALIZABILITY_NONLOCALIZED = YES;
				CLANG_ANALYZER_NONNULL = YES;
				CLANG_ANALYZER_NUMBER_OBJECT_CONVERSION = YES_AGGRESSIVE;
				CLANG_CXX_LANGUAGE_STANDARD = "gnu++14";
				CLANG_CXX_LIBRARY = "libc++";
				CLANG_ENABLE_MODULES = YES;
				CLANG_ENABLE_OBJC_ARC = YES;
				CLANG_ENABLE_OBJC_WEAK = YES;
				CLANG_WARN_BLOCK_CAPTURE_AUTORELEASING = YES;
				CLANG_WARN_BOOL_CONVERSION = YES;
				CLANG_WARN_COMMA = YES;
				CLANG_WARN_CONSTANT_CONVERSION = YES;
				CLANG_WARN_DEPRECATED_OBJC_IMPLEMENTATIONS = YES;
				CLANG_WARN_DIRECT_OBJC_ISA_USAGE = YES_ERROR;
				CLANG_WARN_DOCUMENTATION_COMMENTS = YES;
				CLANG_WARN_EMPTY_BODY = YES;
				CLANG_WARN_ENUM_CONVERSION = YES;
				CLANG_WARN_INFINITE_RECURSION = YES;
				CLANG_WARN_INT_CONVERSION = YES;
				CLANG_WARN_NON_LITERAL_NULL_CONVERSION = YES;
				CLANG_WARN_OBJC_IMPLICIT_RETAIN_SELF = YES;
				CLANG_WARN_OBJC_LITERAL_CONVERSION = YES;
				CLANG_WARN_OBJC_ROOT_CLASS = YES_ERROR;
				CLANG_WARN_QUOTED_INCLUDE_IN_FRAMEWORK_HEADER = YES;
				CLANG_WARN_RANGE_LOOP_ANALYSIS = YES;
				CLANG_WARN_STRICT_PROTOTYPES = YES;
				CLANG_WARN_SUSPICIOUS_MOVE = YES;
				CLANG_WARN_UNGUARDED_AVAILABILITY = YES_AGGRESSIVE;
				CLANG_WARN_UNREACHABLE_CODE = YES;
				CLANG_WARN__DUPLICATE_METHOD_MATCH = YES;
				COPY_PHASE_STRIP = NO;
				DEAD_CODE_STRIPPING = YES;
				DEBUG_INFORMATION_FORMAT = "dwarf-with-dsym";
				ENABLE_NS_ASSERTIONS = NO;
				ENABLE_STRICT_OBJC_MSGSEND = YES;
				GCC_C_LANGUAGE_STANDARD = gnu11;
				GCC_NO_COMMON_BLOCKS = YES;
				GCC_WARN_64_TO_32_BIT_CONVERSION = YES;
				GCC_WARN_ABOUT_RETURN_TYPE = YES_ERROR;
				GCC_WARN_UNDECLARED_SELECTOR = YES;
				GCC_WARN_UNINITIALIZED_AUTOS = YES_AGGRESSIVE;
				GCC_WARN_UNUSED_FUNCTION = YES;
				GCC_WARN_UNUSED_VARIABLE = YES;
				MTL_ENABLE_DEBUG_INFO = NO;
				PRODUCT_NAME = "$(TARGET_NAME)";
				VALIDATE_PRODUCT = YES;
			};
			name = Release;
		};
		396718F3668950988E891A9E /* Release */ = {
			isa = XCBuildConfiguration;
			buildSettings = {
				BUNDLE_LOADER = "$(TEST_HOST)";
				CODE_SIGN_IDENTITY = "iPhone Developer";
				INFOPLIST_FILE = "Derived/InfoPlists/MomotaroTests-Info.plist";
				LD_RUNPATH_SEARCH_PATHS = (
					"$(inherited)",
					"@executable_path/Frameworks",
					"@loader_path/Frameworks",
				);
				OTHER_LDFLAGS = (
					"$(inherited)",
					"-L$(DT_TOOLCHAIN_DIR)/usr/lib/swift/$(PLATFORM_NAME)",
				);
				PRODUCT_BUNDLE_IDENTIFIER = com.reillydesign.momotaro.tests;
				PRODUCT_NAME = MomotaroTests;
				SDKROOT = iphoneos;
				SUPPORTS_MACCATALYST = NO;
				SUPPORTS_MAC_DESIGNED_FOR_IPHONE_IPAD = YES;
				SUPPORTS_XR_DESIGNED_FOR_IPHONE_IPAD = NO;
				SWIFT_COMPILATION_MODE = wholemodule;
				SWIFT_OPTIMIZATION_LEVEL = "-O";
				SWIFT_VERSION = 5.0;
				TARGETED_DEVICE_FAMILY = "1,2";
				TEST_HOST = "$(BUILT_PRODUCTS_DIR)/Momotaro.app/$(BUNDLE_EXECUTABLE_FOLDER_PATH)/Momotaro";
				TEST_TARGET_NAME = Momotaro;
			};
			name = Release;
		};
		50E6D4E5BB0562DE8BAFBBCF /* Debug */ = {
			isa = XCBuildConfiguration;
			buildSettings = {
				ASSETCATALOG_COMPILER_APPICON_NAME = AppIcon;
				ASSETCATALOG_COMPILER_GLOBAL_ACCENT_COLOR_NAME = AccentColor;
				CODE_SIGN_IDENTITY = "iPhone Developer";
				ENABLE_PREVIEWS = YES;
				INFOPLIST_FILE = "Derived/InfoPlists/Momotaro-Info.plist";
				LD_RUNPATH_SEARCH_PATHS = (
					"$(inherited)",
					"@executable_path/Frameworks",
				);
				OTHER_LDFLAGS = (
					"$(inherited)",
					"-L$(DT_TOOLCHAIN_DIR)/usr/lib/swift/$(PLATFORM_NAME)",
				);
				PRODUCT_BUNDLE_IDENTIFIER = com.reillydesign.momotaro;
				PRODUCT_NAME = Momotaro;
				SDKROOT = iphoneos;
				SUPPORTS_MACCATALYST = NO;
				SUPPORTS_MAC_DESIGNED_FOR_IPHONE_IPAD = YES;
				SUPPORTS_XR_DESIGNED_FOR_IPHONE_IPAD = NO;
				SWIFT_ACTIVE_COMPILATION_CONDITIONS = (
					"$(inherited)",
					DEBUG,
				);
				SWIFT_COMPILATION_MODE = singlefile;
				SWIFT_OPTIMIZATION_LEVEL = "-Onone";
				SWIFT_VERSION = 5.0;
				TARGETED_DEVICE_FAMILY = "1,2";
			};
			name = Debug;
		};
		6442058417D43B0D40400536 /* Release */ = {
			isa = XCBuildConfiguration;
			buildSettings = {
				ASSETCATALOG_COMPILER_APPICON_NAME = AppIcon;
				ASSETCATALOG_COMPILER_GLOBAL_ACCENT_COLOR_NAME = AccentColor;
				CODE_SIGN_IDENTITY = "iPhone Developer";
				ENABLE_PREVIEWS = YES;
				INFOPLIST_FILE = "Derived/InfoPlists/Momotaro-Info.plist";
				LD_RUNPATH_SEARCH_PATHS = (
					"$(inherited)",
					"@executable_path/Frameworks",
				);
				OTHER_LDFLAGS = (
					"$(inherited)",
					"-L$(DT_TOOLCHAIN_DIR)/usr/lib/swift/$(PLATFORM_NAME)",
				);
				PRODUCT_BUNDLE_IDENTIFIER = com.reillydesign.momotaro;
				PRODUCT_NAME = Momotaro;
				SDKROOT = iphoneos;
				SUPPORTS_MACCATALYST = NO;
				SUPPORTS_MAC_DESIGNED_FOR_IPHONE_IPAD = YES;
				SUPPORTS_XR_DESIGNED_FOR_IPHONE_IPAD = NO;
				SWIFT_COMPILATION_MODE = wholemodule;
				SWIFT_OPTIMIZATION_LEVEL = "-O";
				SWIFT_VERSION = 5.0;
				TARGETED_DEVICE_FAMILY = "1,2";
			};
			name = Release;
		};
		DAB278BE379D0225A2196522 /* Debug */ = {
			isa = XCBuildConfiguration;
			buildSettings = {
				ALWAYS_SEARCH_USER_PATHS = NO;
				CLANG_ANALYZER_LOCALIZABILITY_NONLOCALIZED = YES;
				CLANG_ANALYZER_NONNULL = YES;
				CLANG_ANALYZER_NUMBER_OBJECT_CONVERSION = YES_AGGRESSIVE;
				CLANG_CXX_LANGUAGE_STANDARD = "gnu++14";
				CLANG_CXX_LIBRARY = "libc++";
				CLANG_ENABLE_MODULES = YES;
				CLANG_ENABLE_OBJC_ARC = YES;
				CLANG_ENABLE_OBJC_WEAK = YES;
				CLANG_WARN_BLOCK_CAPTURE_AUTORELEASING = YES;
				CLANG_WARN_BOOL_CONVERSION = YES;
				CLANG_WARN_COMMA = YES;
				CLANG_WARN_CONSTANT_CONVERSION = YES;
				CLANG_WARN_DEPRECATED_OBJC_IMPLEMENTATIONS = YES;
				CLANG_WARN_DIRECT_OBJC_ISA_USAGE = YES_ERROR;
				CLANG_WARN_DOCUMENTATION_COMMENTS = YES;
				CLANG_WARN_EMPTY_BODY = YES;
				CLANG_WARN_ENUM_CONVERSION = YES;
				CLANG_WARN_INFINITE_RECURSION = YES;
				CLANG_WARN_INT_CONVERSION = YES;
				CLANG_WARN_NON_LITERAL_NULL_CONVERSION = YES;
				CLANG_WARN_OBJC_IMPLICIT_RETAIN_SELF = YES;
				CLANG_WARN_OBJC_LITERAL_CONVERSION = YES;
				CLANG_WARN_OBJC_ROOT_CLASS = YES_ERROR;
				CLANG_WARN_QUOTED_INCLUDE_IN_FRAMEWORK_HEADER = YES;
				CLANG_WARN_RANGE_LOOP_ANALYSIS = YES;
				CLANG_WARN_STRICT_PROTOTYPES = YES;
				CLANG_WARN_SUSPICIOUS_MOVE = YES;
				CLANG_WARN_UNGUARDED_AVAILABILITY = YES_AGGRESSIVE;
				CLANG_WARN_UNREACHABLE_CODE = YES;
				CLANG_WARN__DUPLICATE_METHOD_MATCH = YES;
				COPY_PHASE_STRIP = NO;
				DEAD_CODE_STRIPPING = YES;
				DEBUG_INFORMATION_FORMAT = dwarf;
				ENABLE_STRICT_OBJC_MSGSEND = YES;
				ENABLE_TESTABILITY = YES;
				GCC_C_LANGUAGE_STANDARD = gnu11;
				GCC_DYNAMIC_NO_PIC = NO;
				GCC_NO_COMMON_BLOCKS = YES;
				GCC_OPTIMIZATION_LEVEL = 0;
				GCC_PREPROCESSOR_DEFINITIONS = (
					"DEBUG=1",
					"$(inherited)",
				);
				GCC_WARN_64_TO_32_BIT_CONVERSION = YES;
				GCC_WARN_ABOUT_RETURN_TYPE = YES_ERROR;
				GCC_WARN_UNDECLARED_SELECTOR = YES;
				GCC_WARN_UNINITIALIZED_AUTOS = YES_AGGRESSIVE;
				GCC_WARN_UNUSED_FUNCTION = YES;
				GCC_WARN_UNUSED_VARIABLE = YES;
				MTL_ENABLE_DEBUG_INFO = YES;
				ONLY_ACTIVE_ARCH = YES;
				PRODUCT_NAME = "$(TARGET_NAME)";
			};
			name = Debug;
		};
		E750905CB731D33BBF3D7430 /* Debug */ = {
			isa = XCBuildConfiguration;
			buildSettings = {
				BUNDLE_LOADER = "$(TEST_HOST)";
				CODE_SIGN_IDENTITY = "iPhone Developer";
				INFOPLIST_FILE = "Derived/InfoPlists/MomotaroTests-Info.plist";
				LD_RUNPATH_SEARCH_PATHS = (
					"$(inherited)",
					"@executable_path/Frameworks",
					"@loader_path/Frameworks",
				);
				OTHER_LDFLAGS = (
					"$(inherited)",
					"-L$(DT_TOOLCHAIN_DIR)/usr/lib/swift/$(PLATFORM_NAME)",
				);
				PRODUCT_BUNDLE_IDENTIFIER = com.reillydesign.momotaro.tests;
				PRODUCT_NAME = MomotaroTests;
				SDKROOT = iphoneos;
				SUPPORTS_MACCATALYST = NO;
				SUPPORTS_MAC_DESIGNED_FOR_IPHONE_IPAD = YES;
				SUPPORTS_XR_DESIGNED_FOR_IPHONE_IPAD = NO;
				SWIFT_ACTIVE_COMPILATION_CONDITIONS = (
					"$(inherited)",
					DEBUG,
				);
				SWIFT_COMPILATION_MODE = singlefile;
				SWIFT_OPTIMIZATION_LEVEL = "-Onone";
				SWIFT_VERSION = 5.0;
				TARGETED_DEVICE_FAMILY = "1,2";
				TEST_HOST = "$(BUILT_PRODUCTS_DIR)/Momotaro.app/$(BUNDLE_EXECUTABLE_FOLDER_PATH)/Momotaro";
				TEST_TARGET_NAME = Momotaro;
			};
			name = Debug;
		};
/* End XCBuildConfiguration section */

/* Begin XCConfigurationList section */
		5E38D60D1B412ED454460815 /* Build configuration list for PBXNativeTarget "MomotaroTests" */ = {
			isa = XCConfigurationList;
			buildConfigurations = (
				E750905CB731D33BBF3D7430 /* Debug */,
				396718F3668950988E891A9E /* Release */,
			);
			defaultConfigurationIsVisible = 0;
			defaultConfigurationName = Release;
		};
		7A196FD3E03A89DFE0E0AFED /* Build configuration list for PBXProject "Momotaro" */ = {
			isa = XCConfigurationList;
			buildConfigurations = (
				DAB278BE379D0225A2196522 /* Debug */,
				239EA3DD55184FA73A4603C4 /* Release */,
			);
			defaultConfigurationIsVisible = 0;
			defaultConfigurationName = Release;
		};
		AA408451FB6CEF305A1076FA /* Build configuration list for PBXNativeTarget "Momotaro" */ = {
			isa = XCConfigurationList;
			buildConfigurations = (
				50E6D4E5BB0562DE8BAFBBCF /* Debug */,
				6442058417D43B0D40400536 /* Release */,
			);
			defaultConfigurationIsVisible = 0;
			defaultConfigurationName = Release;
		};
/* End XCConfigurationList section */
	};
	rootObject = 8FBC154B9CAE7A1391801EFC /* Project object */;
}
